{
    "version": 3,
    "terraform_version": "0.11.13",
    "serial": 4,
    "lineage": "2959ac1d-1320-62db-1779-7eca894c5456",
    "modules": [
        {
            "path": [
                "root"
            ],
            "outputs": {},
            "resources": {
                "aws_iam_policy.jenkins": {
                    "type": "aws_iam_policy",
                    "depends_on": [],
                    "primary": {
                        "id": "arn:aws:iam::310059546990:policy/jenkins-policy",
                        "attributes": {
                            "arn": "arn:aws:iam::310059546990:policy/jenkins-policy",
                            "description": "Jenkins execution policy",
                            "id": "arn:aws:iam::310059546990:policy/jenkins-policy",
                            "name": "jenkins-policy",
                            "path": "/",
                            "policy": "{\n  \"Version\": \"2012-10-17\",\n  \"Statement\": [\n    {\n      \"Action\": [\n        \"ec2:Describe*\"\n      ],\n      \"Effect\": \"Allow\",\n      \"Resource\": \"*\"\n    }\n  ]\n}\n"
                        },
                        "meta": {},
                        "tainted": false
                    },
                    "deposed": [],
                    "provider": "provider.aws"
                },
                "data.aws_ami.jenkins_ami": {
                    "type": "aws_ami",
                    "depends_on": [],
                    "primary": {
                        "id": "ami-0d18f8882876cbaf1",
                        "attributes": {
                            "architecture": "x86_64",
                            "block_device_mappings.#": "1",
                            "block_device_mappings.1270490221.device_name": "/dev/sda1",
                            "block_device_mappings.1270490221.ebs.%": "6",
                            "block_device_mappings.1270490221.ebs.delete_on_termination": "false",
                            "block_device_mappings.1270490221.ebs.encrypted": "false",
                            "block_device_mappings.1270490221.ebs.iops": "0",
                            "block_device_mappings.1270490221.ebs.snapshot_id": "snap-0ad34930cabfd9a75",
                            "block_device_mappings.1270490221.ebs.volume_size": "8",
                            "block_device_mappings.1270490221.ebs.volume_type": "gp2",
                            "block_device_mappings.1270490221.no_device": "",
                            "block_device_mappings.1270490221.virtual_name": "",
                            "creation_date": "2019-08-06T03:27:50.000Z",
                            "hypervisor": "xen",
                            "id": "ami-0d18f8882876cbaf1",
                            "image_id": "ami-0d18f8882876cbaf1",
                            "image_location": "310059546990/CentOS-7-Jenkins 1565061898",
                            "image_type": "machine",
                            "most_recent": "true",
                            "name": "CentOS-7-Jenkins 1565061898",
                            "name_regex": "CentOS-7-Jenkins*",
                            "owner_id": "310059546990",
                            "owners.#": "1",
                            "owners.0": "self",
                            "product_codes.#": "1",
                            "product_codes.347650389.product_code_id": "aw0evgkw8e5c1q413zgy5pjce",
                            "product_codes.347650389.product_code_type": "marketplace",
                            "public": "false",
                            "root_device_name": "/dev/sda1",
                            "root_device_type": "ebs",
                            "root_snapshot_id": "snap-0ad34930cabfd9a75",
                            "sriov_net_support": "simple",
                            "state": "available",
                            "state_reason.%": "2",
                            "state_reason.code": "UNSET",
                            "state_reason.message": "UNSET",
                            "tags.%": "0",
                            "virtualization_type": "hvm"
                        },
                        "meta": {},
                        "tainted": false
                    },
                    "deposed": [],
                    "provider": "provider.aws"
                }
            },
            "depends_on": []
        },
        {
            "path": [
                "root",
                "jenkins"
            ],
            "outputs": {
                "credit_specification": {
                    "sensitive": false,
                    "type": "list",
                    "value": [
                        [
                            {
                                "cpu_credits": "standard"
                            }
                        ]
                    ]
                },
                "key_name": {
                    "sensitive": false,
                    "type": "list",
                    "value": [
                        "joefarrell"
                    ]
                },
                "subnet_id": {
                    "sensitive": false,
                    "type": "list",
                    "value": [
                        "subnet-06bdb74fbdf0318d9"
                    ]
                },
                "tags": {
                    "sensitive": false,
                    "type": "list",
                    "value": [
                        {
                            "Environment": "dev",
                            "Name": "jenkins",
                            "Terraform": "1"
                        }
                    ]
                },
                "volume_tags": {
                    "sensitive": false,
                    "type": "list",
                    "value": [
                        {
                            "Name": "jenkins"
                        }
                    ]
                },
                "vpc_security_group_ids": {
                    "sensitive": false,
                    "type": "list",
                    "value": [
                        "sg-061e792dd996f0a66"
                    ]
                }
            },
            "resources": {},
            "depends_on": []
        },
        {
            "path": [
                "root",
                "network"
            ],
            "outputs": {
                "jenkins_private_subnets": {
                    "sensitive": false,
                    "type": "list",
                    "value": [
                        "subnet-06bdb74fbdf0318d9"
                    ]
                },
                "jenkins_vpc_id": {
                    "sensitive": false,
                    "type": "string",
                    "value": "vpc-084df83d0f0a4c7d8"
                }
            },
            "resources": {
                "data.aws_security_group.jenkins_sg": {
                    "type": "aws_security_group",
                    "depends_on": [
                        "module.jenkins_vpc"
                    ],
                    "primary": {
                        "id": "sg-0a9370e6b4f30a7c9",
                        "attributes": {
                            "arn": "arn:aws:ec2:us-east-1:310059546990:security-group/sg-0a9370e6b4f30a7c9",
                            "description": "default VPC security group",
                            "id": "sg-0a9370e6b4f30a7c9",
                            "name": "default",
                            "tags.%": "0",
                            "vpc_id": "vpc-084df83d0f0a4c7d8"
                        },
                        "meta": {},
                        "tainted": false
                    },
                    "deposed": [],
                    "provider": "module.network.provider.aws"
                }
            },
            "depends_on": []
        },
        {
            "path": [
                "root",
                "sg"
            ],
            "outputs": {
                "jenkins_sg_id": {
                    "sensitive": false,
                    "type": "string",
                    "value": "sg-061e792dd996f0a66"
                }
            },
            "resources": {},
            "depends_on": []
        },
        {
            "path": [
                "root",
                "network",
                "jenkins_vpc"
            ],
            "outputs": {
                "azs": {
                    "sensitive": false,
                    "type": "list",
                    "value": [
                        "us-east-1a"
                    ]
                },
                "database_network_acl_id": {
                    "sensitive": false,
                    "type": "string",
                    "value": ""
                },
                "database_route_table_ids": {
                    "sensitive": false,
                    "type": "list",
                    "value": [
                        "rtb-093c3fd8a655b1195"
                    ]
                },
                "database_subnet_arns": {
                    "sensitive": false,
                    "type": "list",
                    "value": []
                },
                "database_subnet_group": {
                    "sensitive": false,
                    "type": "string",
                    "value": ""
                },
                "database_subnets": {
                    "sensitive": false,
                    "type": "list",
                    "value": []
                },
                "database_subnets_cidr_blocks": {
                    "sensitive": false,
                    "type": "list",
                    "value": []
                },
                "default_network_acl_id": {
                    "sensitive": false,
                    "type": "string",
                    "value": "acl-0a2538c48964c5ece"
                },
                "default_route_table_id": {
                    "sensitive": false,
                    "type": "string",
                    "value": "rtb-0b3b5bfa35087b9a4"
                },
                "default_security_group_id": {
                    "sensitive": false,
                    "type": "string",
                    "value": "sg-0a9370e6b4f30a7c9"
                },
                "default_vpc_cidr_block": {
                    "sensitive": false,
                    "type": "string",
                    "value": ""
                },
                "default_vpc_default_network_acl_id": {
                    "sensitive": false,
                    "type": "string",
                    "value": ""
                },
                "default_vpc_default_route_table_id": {
                    "sensitive": false,
                    "type": "string",
                    "value": ""
                },
                "default_vpc_default_security_group_id": {
                    "sensitive": false,
                    "type": "string",
                    "value": ""
                },
                "default_vpc_enable_dns_hostnames": {
                    "sensitive": false,
                    "type": "string",
                    "value": ""
                },
                "default_vpc_enable_dns_support": {
                    "sensitive": false,
                    "type": "string",
                    "value": ""
                },
                "default_vpc_id": {
                    "sensitive": false,
                    "type": "string",
                    "value": ""
                },
                "default_vpc_instance_tenancy": {
                    "sensitive": false,
                    "type": "string",
                    "value": ""
                },
                "default_vpc_main_route_table_id": {
                    "sensitive": false,
                    "type": "string",
                    "value": ""
                },
                "elasticache_network_acl_id": {
                    "sensitive": false,
                    "type": "string",
                    "value": ""
                },
                "elasticache_route_table_ids": {
                    "sensitive": false,
                    "type": "list",
                    "value": [
                        "rtb-093c3fd8a655b1195"
                    ]
                },
                "elasticache_subnet_arns": {
                    "sensitive": false,
                    "type": "list",
                    "value": []
                },
                "elasticache_subnet_group": {
                    "sensitive": false,
                    "type": "string",
                    "value": ""
                },
                "elasticache_subnet_group_name": {
                    "sensitive": false,
                    "type": "string",
                    "value": ""
                },
                "elasticache_subnets": {
                    "sensitive": false,
                    "type": "list",
                    "value": []
                },
                "elasticache_subnets_cidr_blocks": {
                    "sensitive": false,
                    "type": "list",
                    "value": []
                },
                "igw_id": {
                    "sensitive": false,
                    "type": "string",
                    "value": "igw-034b262406bd98b18"
                },
                "intra_network_acl_id": {
                    "sensitive": false,
                    "type": "string",
                    "value": ""
                },
                "intra_route_table_ids": {
                    "sensitive": false,
                    "type": "list",
                    "value": []
                },
                "intra_subnet_arns": {
                    "sensitive": false,
                    "type": "list",
                    "value": []
                },
                "intra_subnets": {
                    "sensitive": false,
                    "type": "list",
                    "value": []
                },
                "intra_subnets_cidr_blocks": {
                    "sensitive": false,
                    "type": "list",
                    "value": []
                },
                "nat_ids": {
                    "sensitive": false,
                    "type": "list",
                    "value": [
                        "eipalloc-04ed7491913c49207"
                    ]
                },
                "nat_public_ips": {
                    "sensitive": false,
                    "type": "list",
                    "value": [
                        "3.223.144.53"
                    ]
                },
                "natgw_ids": {
                    "sensitive": false,
                    "type": "list",
                    "value": [
                        "nat-0ae5ce16975fa88db"
                    ]
                },
                "private_network_acl_id": {
                    "sensitive": false,
                    "type": "string",
                    "value": ""
                },
                "private_route_table_ids": {
                    "sensitive": false,
                    "type": "list",
                    "value": [
                        "rtb-093c3fd8a655b1195"
                    ]
                },
                "private_subnet_arns": {
                    "sensitive": false,
                    "type": "list",
                    "value": [
                        "arn:aws:ec2:us-east-1:310059546990:subnet/subnet-06bdb74fbdf0318d9"
                    ]
                },
                "private_subnets": {
                    "sensitive": false,
                    "type": "list",
                    "value": [
                        "subnet-06bdb74fbdf0318d9"
                    ]
                },
                "private_subnets_cidr_blocks": {
                    "sensitive": false,
                    "type": "list",
                    "value": [
                        "10.0.1.0/24"
                    ]
                },
                "public_network_acl_id": {
                    "sensitive": false,
                    "type": "string",
                    "value": ""
                },
                "public_route_table_ids": {
                    "sensitive": false,
                    "type": "list",
                    "value": [
                        "rtb-08e9c93717b1b02f6"
                    ]
                },
                "public_subnet_arns": {
                    "sensitive": false,
                    "type": "list",
                    "value": [
                        "arn:aws:ec2:us-east-1:310059546990:subnet/subnet-03fa14fccfd7a3b5f"
                    ]
                },
                "public_subnets": {
                    "sensitive": false,
                    "type": "list",
                    "value": [
                        "subnet-03fa14fccfd7a3b5f"
                    ]
                },
                "public_subnets_cidr_blocks": {
                    "sensitive": false,
                    "type": "list",
                    "value": [
                        "10.0.101.0/24"
                    ]
                },
                "redshift_network_acl_id": {
                    "sensitive": false,
                    "type": "string",
                    "value": ""
                },
                "redshift_route_table_ids": {
                    "sensitive": false,
                    "type": "list",
                    "value": [
                        "rtb-093c3fd8a655b1195"
                    ]
                },
                "redshift_subnet_arns": {
                    "sensitive": false,
                    "type": "list",
                    "value": []
                },
                "redshift_subnet_group": {
                    "sensitive": false,
                    "type": "string",
                    "value": ""
                },
                "redshift_subnets": {
                    "sensitive": false,
                    "type": "list",
                    "value": []
                },
                "redshift_subnets_cidr_blocks": {
                    "sensitive": false,
                    "type": "list",
                    "value": []
                },
                "vgw_id": {
                    "sensitive": false,
                    "type": "string",
                    "value": "vgw-09cecb5f648604106"
                },
                "vpc_arn": {
                    "sensitive": false,
                    "type": "string",
                    "value": "arn:aws:ec2:us-east-1:310059546990:vpc/vpc-084df83d0f0a4c7d8"
                },
                "vpc_cidr_block": {
                    "sensitive": false,
                    "type": "string",
                    "value": "10.0.0.0/16"
                },
                "vpc_enable_dns_hostnames": {
                    "sensitive": false,
                    "type": "string",
                    "value": "false"
                },
                "vpc_enable_dns_support": {
                    "sensitive": false,
                    "type": "string",
                    "value": "true"
                },
                "vpc_endpoint_apigw_dns_entry": {
                    "sensitive": false,
                    "type": "list",
                    "value": []
                },
                "vpc_endpoint_apigw_id": {
                    "sensitive": false,
                    "type": "string",
                    "value": ""
                },
                "vpc_endpoint_apigw_network_interface_ids": {
                    "sensitive": false,
                    "type": "list",
                    "value": []
                },
                "vpc_endpoint_cloudtrail_dns_entry": {
                    "sensitive": false,
                    "type": "list",
                    "value": []
                },
                "vpc_endpoint_cloudtrail_id": {
                    "sensitive": false,
                    "type": "string",
                    "value": ""
                },
                "vpc_endpoint_cloudtrail_network_interface_ids": {
                    "sensitive": false,
                    "type": "list",
                    "value": []
                },
                "vpc_endpoint_dynamodb_id": {
                    "sensitive": false,
                    "type": "string",
                    "value": ""
                },
                "vpc_endpoint_dynamodb_pl_id": {
                    "sensitive": false,
                    "type": "string",
                    "value": ""
                },
                "vpc_endpoint_ec2_dns_entry": {
                    "sensitive": false,
                    "type": "list",
                    "value": []
                },
                "vpc_endpoint_ec2_id": {
                    "sensitive": false,
                    "type": "string",
                    "value": ""
                },
                "vpc_endpoint_ec2_network_interface_ids": {
                    "sensitive": false,
                    "type": "list",
                    "value": []
                },
                "vpc_endpoint_ec2messages_dns_entry": {
                    "sensitive": false,
                    "type": "list",
                    "value": []
                },
                "vpc_endpoint_ec2messages_id": {
                    "sensitive": false,
                    "type": "string",
                    "value": ""
                },
                "vpc_endpoint_ec2messages_network_interface_ids": {
                    "sensitive": false,
                    "type": "list",
                    "value": []
                },
                "vpc_endpoint_ecr_api_dns_entry": {
                    "sensitive": false,
                    "type": "list",
                    "value": []
                },
                "vpc_endpoint_ecr_api_id": {
                    "sensitive": false,
                    "type": "string",
                    "value": ""
                },
                "vpc_endpoint_ecr_api_network_interface_ids": {
                    "sensitive": false,
                    "type": "list",
                    "value": []
                },
                "vpc_endpoint_ecr_dkr_dns_entry": {
                    "sensitive": false,
                    "type": "list",
                    "value": []
                },
                "vpc_endpoint_ecr_dkr_id": {
                    "sensitive": false,
                    "type": "string",
                    "value": ""
                },
                "vpc_endpoint_ecr_dkr_network_interface_ids": {
                    "sensitive": false,
                    "type": "list",
                    "value": []
                },
                "vpc_endpoint_ecs_agent_dns_entry": {
                    "sensitive": false,
                    "type": "list",
                    "value": []
                },
                "vpc_endpoint_ecs_agent_id": {
                    "sensitive": false,
                    "type": "string",
                    "value": ""
                },
                "vpc_endpoint_ecs_agent_network_interface_ids": {
                    "sensitive": false,
                    "type": "list",
                    "value": []
                },
                "vpc_endpoint_ecs_dns_entry": {
                    "sensitive": false,
                    "type": "list",
                    "value": []
                },
                "vpc_endpoint_ecs_id": {
                    "sensitive": false,
                    "type": "string",
                    "value": ""
                },
                "vpc_endpoint_ecs_network_interface_ids": {
                    "sensitive": false,
                    "type": "list",
                    "value": []
                },
                "vpc_endpoint_ecs_telemetry_dns_entry": {
                    "sensitive": false,
                    "type": "list",
                    "value": []
                },
                "vpc_endpoint_ecs_telemetry_id": {
                    "sensitive": false,
                    "type": "string",
                    "value": ""
                },
                "vpc_endpoint_ecs_telemetry_network_interface_ids": {
                    "sensitive": false,
                    "type": "list",
                    "value": []
                },
                "vpc_endpoint_elasticloadbalancing_dns_entry": {
                    "sensitive": false,
                    "type": "list",
                    "value": []
                },
                "vpc_endpoint_elasticloadbalancing_id": {
                    "sensitive": false,
                    "type": "string",
                    "value": ""
                },
                "vpc_endpoint_elasticloadbalancing_network_interface_ids": {
                    "sensitive": false,
                    "type": "list",
                    "value": []
                },
                "vpc_endpoint_events_dns_entry": {
                    "sensitive": false,
                    "type": "list",
                    "value": []
                },
                "vpc_endpoint_events_id": {
                    "sensitive": false,
                    "type": "string",
                    "value": ""
                },
                "vpc_endpoint_events_network_interface_ids": {
                    "sensitive": false,
                    "type": "list",
                    "value": []
                },
                "vpc_endpoint_kms_dns_entry": {
                    "sensitive": false,
                    "type": "list",
                    "value": []
                },
                "vpc_endpoint_kms_id": {
                    "sensitive": false,
                    "type": "string",
                    "value": ""
                },
                "vpc_endpoint_kms_network_interface_ids": {
                    "sensitive": false,
                    "type": "list",
                    "value": []
                },
                "vpc_endpoint_logs_dns_entry": {
                    "sensitive": false,
                    "type": "list",
                    "value": []
                },
                "vpc_endpoint_logs_id": {
                    "sensitive": false,
                    "type": "string",
                    "value": ""
                },
                "vpc_endpoint_logs_network_interface_ids": {
                    "sensitive": false,
                    "type": "list",
                    "value": []
                },
                "vpc_endpoint_monitoring_dns_entry": {
                    "sensitive": false,
                    "type": "list",
                    "value": []
                },
                "vpc_endpoint_monitoring_id": {
                    "sensitive": false,
                    "type": "string",
                    "value": ""
                },
                "vpc_endpoint_monitoring_network_interface_ids": {
                    "sensitive": false,
                    "type": "list",
                    "value": []
                },
                "vpc_endpoint_s3_id": {
                    "sensitive": false,
                    "type": "string",
                    "value": ""
                },
                "vpc_endpoint_s3_pl_id": {
                    "sensitive": false,
                    "type": "string",
                    "value": ""
                },
                "vpc_endpoint_sns_dns_entry": {
                    "sensitive": false,
                    "type": "list",
                    "value": []
                },
                "vpc_endpoint_sns_id": {
                    "sensitive": false,
                    "type": "string",
                    "value": ""
                },
                "vpc_endpoint_sns_network_interface_ids": {
                    "sensitive": false,
                    "type": "list",
                    "value": []
                },
                "vpc_endpoint_sqs_dns_entry": {
                    "sensitive": false,
                    "type": "list",
                    "value": []
                },
                "vpc_endpoint_sqs_id": {
                    "sensitive": false,
                    "type": "string",
                    "value": ""
                },
                "vpc_endpoint_sqs_network_interface_ids": {
                    "sensitive": false,
                    "type": "list",
                    "value": []
                },
                "vpc_endpoint_ssm_dns_entry": {
                    "sensitive": false,
                    "type": "list",
                    "value": []
                },
                "vpc_endpoint_ssm_id": {
                    "sensitive": false,
                    "type": "string",
                    "value": ""
                },
                "vpc_endpoint_ssm_network_interface_ids": {
                    "sensitive": false,
                    "type": "list",
                    "value": []
                },
                "vpc_endpoint_ssmmessages_dns_entry": {
                    "sensitive": false,
                    "type": "list",
                    "value": []
                },
                "vpc_endpoint_ssmmessages_id": {
                    "sensitive": false,
                    "type": "string",
                    "value": ""
                },
                "vpc_endpoint_ssmmessages_network_interface_ids": {
                    "sensitive": false,
                    "type": "list",
                    "value": []
                },
                "vpc_id": {
                    "sensitive": false,
                    "type": "string",
                    "value": "vpc-084df83d0f0a4c7d8"
                },
                "vpc_instance_tenancy": {
                    "sensitive": false,
                    "type": "string",
                    "value": "default"
                },
                "vpc_main_route_table_id": {
                    "sensitive": false,
                    "type": "string",
                    "value": "rtb-0b3b5bfa35087b9a4"
                },
                "vpc_secondary_cidr_blocks": {
                    "sensitive": false,
                    "type": "list",
                    "value": []
                }
            },
            "resources": {
                "aws_eip.nat": {
                    "type": "aws_eip",
                    "depends_on": [
                        "local.nat_gateway_count"
                    ],
                    "primary": {
                        "id": "eipalloc-04ed7491913c49207",
                        "attributes": {
                            "association_id": "eipassoc-0d8acf102b3c854aa",
                            "domain": "vpc",
                            "id": "eipalloc-04ed7491913c49207",
                            "instance": "",
                            "network_interface": "eni-03a59397076601c52",
                            "private_dns": "ip-10-0-101-140.ec2.internal",
                            "private_ip": "10.0.101.140",
                            "public_dns": "ec2-3-223-144-53.compute-1.amazonaws.com",
                            "public_ip": "3.223.144.53",
                            "public_ipv4_pool": "amazon",
                            "tags.%": "4",
                            "tags.Environment": "dev",
                            "tags.Launched": "2019-08-14T01:04:22Z",
                            "tags.Name": "jenkins-us-east-1a",
                            "tags.Terraform": "true",
                            "vpc": "true"
                        },
                        "meta": {
                            "e2bfb730-ecaa-11e6-8f88-34363bc7c4c0": {
                                "delete": 180000000000,
                                "read": 900000000000,
                                "update": 300000000000
                            }
                        },
                        "tainted": false
                    },
                    "deposed": [],
                    "provider": "module.network.provider.aws"
                },
                "aws_internet_gateway.this": {
                    "type": "aws_internet_gateway",
                    "depends_on": [
                        "local.vpc_id"
                    ],
                    "primary": {
                        "id": "igw-034b262406bd98b18",
                        "attributes": {
                            "id": "igw-034b262406bd98b18",
                            "owner_id": "310059546990",
                            "tags.%": "4",
                            "tags.Environment": "dev",
                            "tags.Launched": "2019-08-14T01:04:22Z",
                            "tags.Name": "jenkins",
                            "tags.Terraform": "true",
                            "vpc_id": "vpc-084df83d0f0a4c7d8"
                        },
                        "meta": {},
                        "tainted": false
                    },
                    "deposed": [],
                    "provider": "module.network.provider.aws"
                },
                "aws_nat_gateway.this": {
                    "type": "aws_nat_gateway",
                    "depends_on": [
                        "aws_internet_gateway.this",
                        "aws_subnet.public.*",
                        "local.nat_gateway_count",
                        "local.nat_gateway_ips"
                    ],
                    "primary": {
                        "id": "nat-0ae5ce16975fa88db",
                        "attributes": {
                            "allocation_id": "eipalloc-04ed7491913c49207",
                            "id": "nat-0ae5ce16975fa88db",
                            "network_interface_id": "eni-03a59397076601c52",
                            "private_ip": "10.0.101.140",
                            "public_ip": "3.223.144.53",
                            "subnet_id": "subnet-03fa14fccfd7a3b5f",
                            "tags.%": "4",
                            "tags.Environment": "dev",
                            "tags.Launched": "2019-08-14T01:04:22Z",
                            "tags.Name": "jenkins-us-east-1a",
                            "tags.Terraform": "true"
                        },
                        "meta": {},
                        "tainted": false
                    },
                    "deposed": [],
                    "provider": "module.network.provider.aws"
                },
                "aws_route.private_nat_gateway": {
                    "type": "aws_route",
                    "depends_on": [
                        "aws_nat_gateway.this.*",
                        "aws_route_table.private.*",
                        "local.nat_gateway_count"
                    ],
                    "primary": {
                        "id": "r-rtb-093c3fd8a655b11951080289494",
                        "attributes": {
                            "destination_cidr_block": "0.0.0.0/0",
                            "destination_prefix_list_id": "",
                            "egress_only_gateway_id": "",
                            "gateway_id": "",
                            "id": "r-rtb-093c3fd8a655b11951080289494",
                            "instance_id": "",
                            "instance_owner_id": "",
                            "nat_gateway_id": "nat-0ae5ce16975fa88db",
                            "network_interface_id": "",
                            "origin": "CreateRoute",
                            "route_table_id": "rtb-093c3fd8a655b1195",
                            "state": "active",
                            "transit_gateway_id": "",
                            "vpc_peering_connection_id": ""
                        },
                        "meta": {
                            "e2bfb730-ecaa-11e6-8f88-34363bc7c4c0": {
                                "create": 300000000000,
                                "delete": 300000000000
                            }
                        },
                        "tainted": false
                    },
                    "deposed": [],
                    "provider": "module.network.provider.aws"
                },
                "aws_route.public_internet_gateway": {
                    "type": "aws_route",
                    "depends_on": [
                        "aws_internet_gateway.this",
                        "aws_route_table.public"
                    ],
                    "primary": {
                        "id": "r-rtb-08e9c93717b1b02f61080289494",
                        "attributes": {
                            "destination_cidr_block": "0.0.0.0/0",
                            "destination_prefix_list_id": "",
                            "egress_only_gateway_id": "",
                            "gateway_id": "igw-034b262406bd98b18",
                            "id": "r-rtb-08e9c93717b1b02f61080289494",
                            "instance_id": "",
                            "instance_owner_id": "",
                            "nat_gateway_id": "",
                            "network_interface_id": "",
                            "origin": "CreateRoute",
                            "route_table_id": "rtb-08e9c93717b1b02f6",
                            "state": "active",
                            "transit_gateway_id": "",
                            "vpc_peering_connection_id": ""
                        },
                        "meta": {
                            "e2bfb730-ecaa-11e6-8f88-34363bc7c4c0": {
                                "create": 300000000000,
                                "delete": 300000000000
                            }
                        },
                        "tainted": false
                    },
                    "deposed": [],
                    "provider": "module.network.provider.aws"
                },
                "aws_route_table.private": {
                    "type": "aws_route_table",
                    "depends_on": [
                        "local.max_subnet_length",
                        "local.nat_gateway_count",
                        "local.vpc_id"
                    ],
                    "primary": {
                        "id": "rtb-093c3fd8a655b1195",
                        "attributes": {
                            "id": "rtb-093c3fd8a655b1195",
                            "owner_id": "310059546990",
                            "propagating_vgws.#": "0",
                            "route.#": "1",
                            "route.2986768242.cidr_block": "0.0.0.0/0",
                            "route.2986768242.egress_only_gateway_id": "",
                            "route.2986768242.gateway_id": "",
                            "route.2986768242.instance_id": "",
                            "route.2986768242.ipv6_cidr_block": "",
                            "route.2986768242.nat_gateway_id": "nat-0ae5ce16975fa88db",
                            "route.2986768242.network_interface_id": "",
                            "route.2986768242.transit_gateway_id": "",
                            "route.2986768242.vpc_peering_connection_id": "",
                            "tags.%": "4",
                            "tags.Environment": "dev",
                            "tags.Launched": "2019-08-14T01:04:22Z",
                            "tags.Name": "jenkins-private-us-east-1a",
                            "tags.Terraform": "true",
                            "vpc_id": "vpc-084df83d0f0a4c7d8"
                        },
                        "meta": {},
                        "tainted": false
                    },
                    "deposed": [],
                    "provider": "module.network.provider.aws"
                },
                "aws_route_table.public": {
                    "type": "aws_route_table",
                    "depends_on": [
                        "local.vpc_id"
                    ],
                    "primary": {
                        "id": "rtb-08e9c93717b1b02f6",
                        "attributes": {
                            "id": "rtb-08e9c93717b1b02f6",
                            "owner_id": "310059546990",
                            "propagating_vgws.#": "0",
                            "route.#": "1",
                            "route.459116453.cidr_block": "0.0.0.0/0",
                            "route.459116453.egress_only_gateway_id": "",
                            "route.459116453.gateway_id": "igw-034b262406bd98b18",
                            "route.459116453.instance_id": "",
                            "route.459116453.ipv6_cidr_block": "",
                            "route.459116453.nat_gateway_id": "",
                            "route.459116453.network_interface_id": "",
                            "route.459116453.transit_gateway_id": "",
                            "route.459116453.vpc_peering_connection_id": "",
                            "tags.%": "4",
                            "tags.Environment": "dev",
                            "tags.Launched": "2019-08-14T01:04:22Z",
                            "tags.Name": "jenkins-public",
                            "tags.Terraform": "true",
                            "vpc_id": "vpc-084df83d0f0a4c7d8"
                        },
                        "meta": {},
                        "tainted": false
                    },
                    "deposed": [],
                    "provider": "module.network.provider.aws"
                },
                "aws_route_table_association.private": {
                    "type": "aws_route_table_association",
                    "depends_on": [
                        "aws_route_table.private.*",
                        "aws_subnet.private.*"
                    ],
                    "primary": {
                        "id": "rtbassoc-0cd18d1b9ab41557c",
                        "attributes": {
                            "id": "rtbassoc-0cd18d1b9ab41557c",
                            "route_table_id": "rtb-093c3fd8a655b1195",
                            "subnet_id": "subnet-06bdb74fbdf0318d9"
                        },
                        "meta": {},
                        "tainted": false
                    },
                    "deposed": [],
                    "provider": "module.network.provider.aws"
                },
                "aws_route_table_association.public": {
                    "type": "aws_route_table_association",
                    "depends_on": [
                        "aws_route_table.public",
                        "aws_subnet.public.*"
                    ],
                    "primary": {
                        "id": "rtbassoc-00b89b748e3c03f62",
                        "attributes": {
                            "id": "rtbassoc-00b89b748e3c03f62",
                            "route_table_id": "rtb-08e9c93717b1b02f6",
                            "subnet_id": "subnet-03fa14fccfd7a3b5f"
                        },
                        "meta": {},
                        "tainted": false
                    },
                    "deposed": [],
                    "provider": "module.network.provider.aws"
                },
                "aws_subnet.private": {
                    "type": "aws_subnet",
                    "depends_on": [
                        "local.vpc_id"
                    ],
                    "primary": {
                        "id": "subnet-06bdb74fbdf0318d9",
                        "attributes": {
                            "arn": "arn:aws:ec2:us-east-1:310059546990:subnet/subnet-06bdb74fbdf0318d9",
                            "assign_ipv6_address_on_creation": "false",
                            "availability_zone": "us-east-1a",
                            "availability_zone_id": "use1-az4",
                            "cidr_block": "10.0.1.0/24",
                            "id": "subnet-06bdb74fbdf0318d9",
                            "ipv6_cidr_block": "",
                            "ipv6_cidr_block_association_id": "",
                            "map_public_ip_on_launch": "false",
                            "owner_id": "310059546990",
                            "tags.%": "4",
                            "tags.Environment": "dev",
                            "tags.Launched": "2019-08-14T01:04:22Z",
                            "tags.Name": "jenkins-private-us-east-1a",
                            "tags.Terraform": "true",
                            "vpc_id": "vpc-084df83d0f0a4c7d8"
                        },
                        "meta": {
                            "e2bfb730-ecaa-11e6-8f88-34363bc7c4c0": {
                                "create": 600000000000,
                                "delete": 1200000000000
                            },
                            "schema_version": "1"
                        },
                        "tainted": false
                    },
                    "deposed": [],
                    "provider": "module.network.provider.aws"
                },
                "aws_subnet.public": {
                    "type": "aws_subnet",
                    "depends_on": [
                        "local.vpc_id"
                    ],
                    "primary": {
                        "id": "subnet-03fa14fccfd7a3b5f",
                        "attributes": {
                            "arn": "arn:aws:ec2:us-east-1:310059546990:subnet/subnet-03fa14fccfd7a3b5f",
                            "assign_ipv6_address_on_creation": "false",
                            "availability_zone": "us-east-1a",
                            "availability_zone_id": "use1-az4",
                            "cidr_block": "10.0.101.0/24",
                            "id": "subnet-03fa14fccfd7a3b5f",
                            "ipv6_cidr_block": "",
                            "ipv6_cidr_block_association_id": "",
                            "map_public_ip_on_launch": "true",
                            "owner_id": "310059546990",
                            "tags.%": "4",
                            "tags.Environment": "dev",
                            "tags.Launched": "2019-08-14T01:04:22Z",
                            "tags.Name": "jenkins-public-us-east-1a",
                            "tags.Terraform": "true",
                            "vpc_id": "vpc-084df83d0f0a4c7d8"
                        },
                        "meta": {
                            "e2bfb730-ecaa-11e6-8f88-34363bc7c4c0": {
                                "create": 600000000000,
                                "delete": 1200000000000
                            },
                            "schema_version": "1"
                        },
                        "tainted": false
                    },
                    "deposed": [],
                    "provider": "module.network.provider.aws"
                },
                "aws_vpc.this": {
                    "type": "aws_vpc",
                    "depends_on": [],
                    "primary": {
                        "id": "vpc-084df83d0f0a4c7d8",
                        "attributes": {
                            "arn": "arn:aws:ec2:us-east-1:310059546990:vpc/vpc-084df83d0f0a4c7d8",
                            "assign_generated_ipv6_cidr_block": "false",
                            "cidr_block": "10.0.0.0/16",
                            "default_network_acl_id": "acl-0a2538c48964c5ece",
                            "default_route_table_id": "rtb-0b3b5bfa35087b9a4",
                            "default_security_group_id": "sg-0a9370e6b4f30a7c9",
                            "dhcp_options_id": "dopt-890236f2",
                            "enable_classiclink": "false",
                            "enable_classiclink_dns_support": "false",
                            "enable_dns_hostnames": "false",
                            "enable_dns_support": "true",
                            "id": "vpc-084df83d0f0a4c7d8",
                            "instance_tenancy": "default",
                            "ipv6_association_id": "",
                            "ipv6_cidr_block": "",
                            "main_route_table_id": "rtb-0b3b5bfa35087b9a4",
                            "owner_id": "310059546990",
                            "tags.%": "4",
                            "tags.Environment": "dev",
                            "tags.Launched": "2019-08-14T01:04:22Z",
                            "tags.Name": "jenkins",
                            "tags.Terraform": "true"
                        },
                        "meta": {
                            "schema_version": "1"
                        },
                        "tainted": false
                    },
                    "deposed": [],
                    "provider": "module.network.provider.aws"
                },
                "aws_vpn_gateway.this": {
                    "type": "aws_vpn_gateway",
                    "depends_on": [
                        "local.vpc_id"
                    ],
                    "primary": {
                        "id": "vgw-09cecb5f648604106",
                        "attributes": {
                            "amazon_side_asn": "64512",
                            "id": "vgw-09cecb5f648604106",
                            "tags.%": "4",
                            "tags.Environment": "dev",
                            "tags.Launched": "2019-08-14T01:04:22Z",
                            "tags.Name": "jenkins",
                            "tags.Terraform": "true",
                            "vpc_id": "vpc-084df83d0f0a4c7d8"
                        },
                        "meta": {},
                        "tainted": false
                    },
                    "deposed": [],
                    "provider": "module.network.provider.aws"
                }
            },
            "depends_on": []
        },
        {
            "path": [
                "root",
                "sg",
                "jenkins_sg"
            ],
            "outputs": {
                "this_security_group_description": {
                    "sensitive": false,
                    "type": "string",
                    "value": "Security group for Jenkins"
                },
                "this_security_group_id": {
                    "sensitive": false,
                    "type": "string",
                    "value": "sg-061e792dd996f0a66"
                },
                "this_security_group_name": {
                    "sensitive": false,
                    "type": "string",
                    "value": "jenkins-sg-20190814004539581000000001"
                },
                "this_security_group_owner_id": {
                    "sensitive": false,
                    "type": "string",
                    "value": "310059546990"
                },
                "this_security_group_vpc_id": {
                    "sensitive": false,
                    "type": "string",
                    "value": "vpc-067700e1aa12f1ee1"
                }
            },
            "resources": {
                "aws_security_group.this_name_prefix": {
                    "type": "aws_security_group",
                    "depends_on": [],
                    "primary": {
                        "id": "sg-061e792dd996f0a66",
                        "attributes": {
                            "arn": "arn:aws:ec2:us-east-1:310059546990:security-group/sg-061e792dd996f0a66",
                            "description": "Security group for Jenkins",
                            "egress.#": "1",
                            "egress.2165290566.cidr_blocks.#": "1",
                            "egress.2165290566.cidr_blocks.0": "0.0.0.0/0",
                            "egress.2165290566.description": "All protocols",
                            "egress.2165290566.from_port": "0",
                            "egress.2165290566.ipv6_cidr_blocks.#": "1",
                            "egress.2165290566.ipv6_cidr_blocks.0": "::/0",
                            "egress.2165290566.prefix_list_ids.#": "0",
                            "egress.2165290566.protocol": "-1",
                            "egress.2165290566.security_groups.#": "0",
                            "egress.2165290566.self": "false",
                            "egress.2165290566.to_port": "0",
                            "id": "sg-061e792dd996f0a66",
                            "ingress.#": "1",
                            "ingress.2893660010.cidr_blocks.#": "1",
                            "ingress.2893660010.cidr_blocks.0": "10.0.0.0/16",
                            "ingress.2893660010.description": "User-service ports",
                            "ingress.2893660010.from_port": "8080",
                            "ingress.2893660010.ipv6_cidr_blocks.#": "0",
                            "ingress.2893660010.prefix_list_ids.#": "0",
                            "ingress.2893660010.protocol": "tcp",
                            "ingress.2893660010.security_groups.#": "0",
                            "ingress.2893660010.self": "false",
                            "ingress.2893660010.to_port": "8080",
                            "name": "jenkins-sg-20190814004539581000000001",
                            "name_prefix": "jenkins-sg-",
                            "owner_id": "310059546990",
                            "revoke_rules_on_delete": "false",
                            "tags.%": "1",
                            "tags.Name": "jenkins-sg",
                            "vpc_id": "vpc-067700e1aa12f1ee1"
                        },
                        "meta": {
                            "e2bfb730-ecaa-11e6-8f88-34363bc7c4c0": {
                                "create": 600000000000,
                                "delete": 600000000000
                            },
                            "schema_version": "1"
                        },
                        "tainted": false
                    },
                    "deposed": [],
                    "provider": "provider.aws"
                },
                "aws_security_group_rule.egress_rules": {
                    "type": "aws_security_group_rule",
                    "depends_on": [
                        "local.this_sg_id"
                    ],
                    "primary": {
                        "id": "sgrule-3875978915",
                        "attributes": {
                            "cidr_blocks.#": "1",
                            "cidr_blocks.0": "0.0.0.0/0",
                            "description": "All protocols",
                            "from_port": "0",
                            "id": "sgrule-3875978915",
                            "ipv6_cidr_blocks.#": "1",
                            "ipv6_cidr_blocks.0": "::/0",
                            "prefix_list_ids.#": "0",
                            "protocol": "-1",
                            "security_group_id": "sg-061e792dd996f0a66",
                            "self": "false",
                            "to_port": "0",
                            "type": "egress"
                        },
                        "meta": {
                            "schema_version": "2"
                        },
                        "tainted": false
                    },
                    "deposed": [],
                    "provider": "provider.aws"
                },
                "aws_security_group_rule.ingress_with_cidr_blocks": {
                    "type": "aws_security_group_rule",
                    "depends_on": [
                        "local.this_sg_id"
                    ],
                    "primary": {
                        "id": "sgrule-641722566",
                        "attributes": {
                            "cidr_blocks.#": "1",
                            "cidr_blocks.0": "10.10.0.0/16",
                            "description": "User-service ports",
                            "from_port": "8080",
                            "id": "sgrule-641722566",
                            "protocol": "tcp",
                            "security_group_id": "sg-061e792dd996f0a66",
                            "self": "false",
                            "to_port": "8080",
                            "type": "ingress"
                        },
                        "meta": {
                            "schema_version": "2"
                        },
                        "tainted": false
                    },
                    "deposed": [],
                    "provider": "provider.aws"
                }
            },
            "depends_on": []
        },
        {
            "path": [
                "root",
                "sg",
                "network"
            ],
            "outputs": {
                "jenkins_private_subnets": {
                    "sensitive": false,
                    "type": "list",
                    "value": [
                        "subnet-0ea32769ce3b2528b"
                    ]
                },
                "jenkins_vpc_id": {
                    "sensitive": false,
                    "type": "string",
                    "value": "vpc-067700e1aa12f1ee1"
                }
            },
            "resources": {
                "data.aws_security_group.jenkins_sg": {
                    "type": "aws_security_group",
                    "depends_on": [
                        "module.jenkins_vpc"
                    ],
                    "primary": {
                        "id": "sg-0596a2af330247e15",
                        "attributes": {
                            "arn": "arn:aws:ec2:us-east-1:310059546990:security-group/sg-0596a2af330247e15",
                            "description": "default VPC security group",
                            "id": "sg-0596a2af330247e15",
                            "name": "default",
                            "tags.%": "0",
                            "vpc_id": "vpc-067700e1aa12f1ee1"
                        },
                        "meta": {},
                        "tainted": false
                    },
                    "deposed": [],
                    "provider": "module.sg.module.network.provider.aws"
                }
            },
            "depends_on": []
        },
        {
            "path": [
                "root",
                "sg",
                "network",
                "jenkins_vpc"
            ],
            "outputs": {
                "azs": {
                    "sensitive": false,
                    "type": "list",
                    "value": [
                        "us-east-1a"
                    ]
                },
                "database_network_acl_id": {
                    "sensitive": false,
                    "type": "string",
                    "value": ""
                },
                "database_route_table_ids": {
                    "sensitive": false,
                    "type": "list",
                    "value": [
                        "rtb-0761179fa2d05e351"
                    ]
                },
                "database_subnet_arns": {
                    "sensitive": false,
                    "type": "list",
                    "value": []
                },
                "database_subnet_group": {
                    "sensitive": false,
                    "type": "string",
                    "value": ""
                },
                "database_subnets": {
                    "sensitive": false,
                    "type": "list",
                    "value": []
                },
                "database_subnets_cidr_blocks": {
                    "sensitive": false,
                    "type": "list",
                    "value": []
                },
                "default_network_acl_id": {
                    "sensitive": false,
                    "type": "string",
                    "value": "acl-09bf3b9bff51134f2"
                },
                "default_route_table_id": {
                    "sensitive": false,
                    "type": "string",
                    "value": "rtb-0894943c8dcc10d3e"
                },
                "default_security_group_id": {
                    "sensitive": false,
                    "type": "string",
                    "value": "sg-0596a2af330247e15"
                },
                "default_vpc_cidr_block": {
                    "sensitive": false,
                    "type": "string",
                    "value": ""
                },
                "default_vpc_default_network_acl_id": {
                    "sensitive": false,
                    "type": "string",
                    "value": ""
                },
                "default_vpc_default_route_table_id": {
                    "sensitive": false,
                    "type": "string",
                    "value": ""
                },
                "default_vpc_default_security_group_id": {
                    "sensitive": false,
                    "type": "string",
                    "value": ""
                },
                "default_vpc_enable_dns_hostnames": {
                    "sensitive": false,
                    "type": "string",
                    "value": ""
                },
                "default_vpc_enable_dns_support": {
                    "sensitive": false,
                    "type": "string",
                    "value": ""
                },
                "default_vpc_id": {
                    "sensitive": false,
                    "type": "string",
                    "value": ""
                },
                "default_vpc_instance_tenancy": {
                    "sensitive": false,
                    "type": "string",
                    "value": ""
                },
                "default_vpc_main_route_table_id": {
                    "sensitive": false,
                    "type": "string",
                    "value": ""
                },
                "elasticache_network_acl_id": {
                    "sensitive": false,
                    "type": "string",
                    "value": ""
                },
                "elasticache_route_table_ids": {
                    "sensitive": false,
                    "type": "list",
                    "value": [
                        "rtb-0761179fa2d05e351"
                    ]
                },
                "elasticache_subnet_arns": {
                    "sensitive": false,
                    "type": "list",
                    "value": []
                },
                "elasticache_subnet_group": {
                    "sensitive": false,
                    "type": "string",
                    "value": ""
                },
                "elasticache_subnet_group_name": {
                    "sensitive": false,
                    "type": "string",
                    "value": ""
                },
                "elasticache_subnets": {
                    "sensitive": false,
                    "type": "list",
                    "value": []
                },
                "elasticache_subnets_cidr_blocks": {
                    "sensitive": false,
                    "type": "list",
                    "value": []
                },
                "igw_id": {
                    "sensitive": false,
                    "type": "string",
                    "value": "igw-01a47543ae4b7472a"
                },
                "intra_network_acl_id": {
                    "sensitive": false,
                    "type": "string",
                    "value": ""
                },
                "intra_route_table_ids": {
                    "sensitive": false,
                    "type": "list",
                    "value": []
                },
                "intra_subnet_arns": {
                    "sensitive": false,
                    "type": "list",
                    "value": []
                },
                "intra_subnets": {
                    "sensitive": false,
                    "type": "list",
                    "value": []
                },
                "intra_subnets_cidr_blocks": {
                    "sensitive": false,
                    "type": "list",
                    "value": []
                },
                "nat_ids": {
                    "sensitive": false,
                    "type": "list",
                    "value": [
                        "eipalloc-03477ea4ae1b4b027"
                    ]
                },
                "nat_public_ips": {
                    "sensitive": false,
                    "type": "list",
                    "value": [
                        "52.70.87.172"
                    ]
                },
                "natgw_ids": {
                    "sensitive": false,
                    "type": "list",
                    "value": [
                        "nat-008e0eeba3316ec43"
                    ]
                },
                "private_network_acl_id": {
                    "sensitive": false,
                    "type": "string",
                    "value": ""
                },
                "private_route_table_ids": {
                    "sensitive": false,
                    "type": "list",
                    "value": [
                        "rtb-0761179fa2d05e351"
                    ]
                },
                "private_subnet_arns": {
                    "sensitive": false,
                    "type": "list",
                    "value": [
                        "arn:aws:ec2:us-east-1:310059546990:subnet/subnet-0ea32769ce3b2528b"
                    ]
                },
                "private_subnets": {
                    "sensitive": false,
                    "type": "list",
                    "value": [
                        "subnet-0ea32769ce3b2528b"
                    ]
                },
                "private_subnets_cidr_blocks": {
                    "sensitive": false,
                    "type": "list",
                    "value": [
                        "10.0.1.0/24"
                    ]
                },
                "public_network_acl_id": {
                    "sensitive": false,
                    "type": "string",
                    "value": ""
                },
                "public_route_table_ids": {
                    "sensitive": false,
                    "type": "list",
                    "value": [
                        "rtb-0e48b64907920ab22"
                    ]
                },
                "public_subnet_arns": {
                    "sensitive": false,
                    "type": "list",
                    "value": [
                        "arn:aws:ec2:us-east-1:310059546990:subnet/subnet-08276e40acbf775a6"
                    ]
                },
                "public_subnets": {
                    "sensitive": false,
                    "type": "list",
                    "value": [
                        "subnet-08276e40acbf775a6"
                    ]
                },
                "public_subnets_cidr_blocks": {
                    "sensitive": false,
                    "type": "list",
                    "value": [
                        "10.0.101.0/24"
                    ]
                },
                "redshift_network_acl_id": {
                    "sensitive": false,
                    "type": "string",
                    "value": ""
                },
                "redshift_route_table_ids": {
                    "sensitive": false,
                    "type": "list",
                    "value": [
                        "rtb-0761179fa2d05e351"
                    ]
                },
                "redshift_subnet_arns": {
                    "sensitive": false,
                    "type": "list",
                    "value": []
                },
                "redshift_subnet_group": {
                    "sensitive": false,
                    "type": "string",
                    "value": ""
                },
                "redshift_subnets": {
                    "sensitive": false,
                    "type": "list",
                    "value": []
                },
                "redshift_subnets_cidr_blocks": {
                    "sensitive": false,
                    "type": "list",
                    "value": []
                },
                "vgw_id": {
                    "sensitive": false,
                    "type": "string",
                    "value": "vgw-01de4df78d8bcdb4c"
                },
                "vpc_arn": {
                    "sensitive": false,
                    "type": "string",
                    "value": "arn:aws:ec2:us-east-1:310059546990:vpc/vpc-067700e1aa12f1ee1"
                },
                "vpc_cidr_block": {
                    "sensitive": false,
                    "type": "string",
                    "value": "10.0.0.0/16"
                },
                "vpc_enable_dns_hostnames": {
                    "sensitive": false,
                    "type": "string",
                    "value": "false"
                },
                "vpc_enable_dns_support": {
                    "sensitive": false,
                    "type": "string",
                    "value": "true"
                },
                "vpc_endpoint_apigw_dns_entry": {
                    "sensitive": false,
                    "type": "list",
                    "value": []
                },
                "vpc_endpoint_apigw_id": {
                    "sensitive": false,
                    "type": "string",
                    "value": ""
                },
                "vpc_endpoint_apigw_network_interface_ids": {
                    "sensitive": false,
                    "type": "list",
                    "value": []
                },
                "vpc_endpoint_cloudtrail_dns_entry": {
                    "sensitive": false,
                    "type": "list",
                    "value": []
                },
                "vpc_endpoint_cloudtrail_id": {
                    "sensitive": false,
                    "type": "string",
                    "value": ""
                },
                "vpc_endpoint_cloudtrail_network_interface_ids": {
                    "sensitive": false,
                    "type": "list",
                    "value": []
                },
                "vpc_endpoint_dynamodb_id": {
                    "sensitive": false,
                    "type": "string",
                    "value": ""
                },
                "vpc_endpoint_dynamodb_pl_id": {
                    "sensitive": false,
                    "type": "string",
                    "value": ""
                },
                "vpc_endpoint_ec2_dns_entry": {
                    "sensitive": false,
                    "type": "list",
                    "value": []
                },
                "vpc_endpoint_ec2_id": {
                    "sensitive": false,
                    "type": "string",
                    "value": ""
                },
                "vpc_endpoint_ec2_network_interface_ids": {
                    "sensitive": false,
                    "type": "list",
                    "value": []
                },
                "vpc_endpoint_ec2messages_dns_entry": {
                    "sensitive": false,
                    "type": "list",
                    "value": []
                },
                "vpc_endpoint_ec2messages_id": {
                    "sensitive": false,
                    "type": "string",
                    "value": ""
                },
                "vpc_endpoint_ec2messages_network_interface_ids": {
                    "sensitive": false,
                    "type": "list",
                    "value": []
                },
                "vpc_endpoint_ecr_api_dns_entry": {
                    "sensitive": false,
                    "type": "list",
                    "value": []
                },
                "vpc_endpoint_ecr_api_id": {
                    "sensitive": false,
                    "type": "string",
                    "value": ""
                },
                "vpc_endpoint_ecr_api_network_interface_ids": {
                    "sensitive": false,
                    "type": "list",
                    "value": []
                },
                "vpc_endpoint_ecr_dkr_dns_entry": {
                    "sensitive": false,
                    "type": "list",
                    "value": []
                },
                "vpc_endpoint_ecr_dkr_id": {
                    "sensitive": false,
                    "type": "string",
                    "value": ""
                },
                "vpc_endpoint_ecr_dkr_network_interface_ids": {
                    "sensitive": false,
                    "type": "list",
                    "value": []
                },
                "vpc_endpoint_ecs_agent_dns_entry": {
                    "sensitive": false,
                    "type": "list",
                    "value": []
                },
                "vpc_endpoint_ecs_agent_id": {
                    "sensitive": false,
                    "type": "string",
                    "value": ""
                },
                "vpc_endpoint_ecs_agent_network_interface_ids": {
                    "sensitive": false,
                    "type": "list",
                    "value": []
                },
                "vpc_endpoint_ecs_dns_entry": {
                    "sensitive": false,
                    "type": "list",
                    "value": []
                },
                "vpc_endpoint_ecs_id": {
                    "sensitive": false,
                    "type": "string",
                    "value": ""
                },
                "vpc_endpoint_ecs_network_interface_ids": {
                    "sensitive": false,
                    "type": "list",
                    "value": []
                },
                "vpc_endpoint_ecs_telemetry_dns_entry": {
                    "sensitive": false,
                    "type": "list",
                    "value": []
                },
                "vpc_endpoint_ecs_telemetry_id": {
                    "sensitive": false,
                    "type": "string",
                    "value": ""
                },
                "vpc_endpoint_ecs_telemetry_network_interface_ids": {
                    "sensitive": false,
                    "type": "list",
                    "value": []
                },
                "vpc_endpoint_elasticloadbalancing_dns_entry": {
                    "sensitive": false,
                    "type": "list",
                    "value": []
                },
                "vpc_endpoint_elasticloadbalancing_id": {
                    "sensitive": false,
                    "type": "string",
                    "value": ""
                },
                "vpc_endpoint_elasticloadbalancing_network_interface_ids": {
                    "sensitive": false,
                    "type": "list",
                    "value": []
                },
                "vpc_endpoint_events_dns_entry": {
                    "sensitive": false,
                    "type": "list",
                    "value": []
                },
                "vpc_endpoint_events_id": {
                    "sensitive": false,
                    "type": "string",
                    "value": ""
                },
                "vpc_endpoint_events_network_interface_ids": {
                    "sensitive": false,
                    "type": "list",
                    "value": []
                },
                "vpc_endpoint_kms_dns_entry": {
                    "sensitive": false,
                    "type": "list",
                    "value": []
                },
                "vpc_endpoint_kms_id": {
                    "sensitive": false,
                    "type": "string",
                    "value": ""
                },
                "vpc_endpoint_kms_network_interface_ids": {
                    "sensitive": false,
                    "type": "list",
                    "value": []
                },
                "vpc_endpoint_logs_dns_entry": {
                    "sensitive": false,
                    "type": "list",
                    "value": []
                },
                "vpc_endpoint_logs_id": {
                    "sensitive": false,
                    "type": "string",
                    "value": ""
                },
                "vpc_endpoint_logs_network_interface_ids": {
                    "sensitive": false,
                    "type": "list",
                    "value": []
                },
                "vpc_endpoint_monitoring_dns_entry": {
                    "sensitive": false,
                    "type": "list",
                    "value": []
                },
                "vpc_endpoint_monitoring_id": {
                    "sensitive": false,
                    "type": "string",
                    "value": ""
                },
                "vpc_endpoint_monitoring_network_interface_ids": {
                    "sensitive": false,
                    "type": "list",
                    "value": []
                },
                "vpc_endpoint_s3_id": {
                    "sensitive": false,
                    "type": "string",
                    "value": ""
                },
                "vpc_endpoint_s3_pl_id": {
                    "sensitive": false,
                    "type": "string",
                    "value": ""
                },
                "vpc_endpoint_sns_dns_entry": {
                    "sensitive": false,
                    "type": "list",
                    "value": []
                },
                "vpc_endpoint_sns_id": {
                    "sensitive": false,
                    "type": "string",
                    "value": ""
                },
                "vpc_endpoint_sns_network_interface_ids": {
                    "sensitive": false,
                    "type": "list",
                    "value": []
                },
                "vpc_endpoint_sqs_dns_entry": {
                    "sensitive": false,
                    "type": "list",
                    "value": []
                },
                "vpc_endpoint_sqs_id": {
                    "sensitive": false,
                    "type": "string",
                    "value": ""
                },
                "vpc_endpoint_sqs_network_interface_ids": {
                    "sensitive": false,
                    "type": "list",
                    "value": []
                },
                "vpc_endpoint_ssm_dns_entry": {
                    "sensitive": false,
                    "type": "list",
                    "value": []
                },
                "vpc_endpoint_ssm_id": {
                    "sensitive": false,
                    "type": "string",
                    "value": ""
                },
                "vpc_endpoint_ssm_network_interface_ids": {
                    "sensitive": false,
                    "type": "list",
                    "value": []
                },
                "vpc_endpoint_ssmmessages_dns_entry": {
                    "sensitive": false,
                    "type": "list",
                    "value": []
                },
                "vpc_endpoint_ssmmessages_id": {
                    "sensitive": false,
                    "type": "string",
                    "value": ""
                },
                "vpc_endpoint_ssmmessages_network_interface_ids": {
                    "sensitive": false,
                    "type": "list",
                    "value": []
                },
                "vpc_id": {
                    "sensitive": false,
                    "type": "string",
                    "value": "vpc-067700e1aa12f1ee1"
                },
                "vpc_instance_tenancy": {
                    "sensitive": false,
                    "type": "string",
                    "value": "default"
                },
                "vpc_main_route_table_id": {
                    "sensitive": false,
                    "type": "string",
                    "value": "rtb-0894943c8dcc10d3e"
                },
                "vpc_secondary_cidr_blocks": {
                    "sensitive": false,
                    "type": "list",
                    "value": []
                }
            },
            "resources": {
                "aws_eip.nat": {
                    "type": "aws_eip",
                    "depends_on": [
                        "local.nat_gateway_count"
                    ],
                    "primary": {
                        "id": "eipalloc-03477ea4ae1b4b027",
                        "attributes": {
                            "association_id": "eipassoc-0a04a232b06ed2061",
                            "domain": "vpc",
                            "id": "eipalloc-03477ea4ae1b4b027",
                            "instance": "",
                            "network_interface": "eni-0267cf5e068f2655d",
                            "private_dns": "ip-10-0-101-194.ec2.internal",
                            "private_ip": "10.0.101.194",
                            "public_dns": "ec2-52-70-87-172.compute-1.amazonaws.com",
                            "public_ip": "52.70.87.172",
                            "public_ipv4_pool": "amazon",
                            "tags.%": "4",
                            "tags.Environment": "dev",
                            "tags.Launched": "2019-08-14T01:04:22Z",
                            "tags.Name": "jenkins-us-east-1a",
                            "tags.Terraform": "true",
                            "vpc": "true"
                        },
                        "meta": {
                            "e2bfb730-ecaa-11e6-8f88-34363bc7c4c0": {
                                "delete": 180000000000,
                                "read": 900000000000,
                                "update": 300000000000
                            }
                        },
                        "tainted": false
                    },
                    "deposed": [],
                    "provider": "module.sg.module.network.provider.aws"
                },
                "aws_internet_gateway.this": {
                    "type": "aws_internet_gateway",
                    "depends_on": [
                        "local.vpc_id"
                    ],
                    "primary": {
                        "id": "igw-01a47543ae4b7472a",
                        "attributes": {
                            "id": "igw-01a47543ae4b7472a",
                            "owner_id": "310059546990",
                            "tags.%": "4",
                            "tags.Environment": "dev",
                            "tags.Launched": "2019-08-14T01:04:22Z",
                            "tags.Name": "jenkins",
                            "tags.Terraform": "true",
                            "vpc_id": "vpc-067700e1aa12f1ee1"
                        },
                        "meta": {},
                        "tainted": false
                    },
                    "deposed": [],
                    "provider": "module.sg.module.network.provider.aws"
                },
                "aws_nat_gateway.this": {
                    "type": "aws_nat_gateway",
                    "depends_on": [
                        "aws_internet_gateway.this",
                        "aws_subnet.public.*",
                        "local.nat_gateway_count",
                        "local.nat_gateway_ips"
                    ],
                    "primary": {
                        "id": "nat-008e0eeba3316ec43",
                        "attributes": {
                            "allocation_id": "eipalloc-03477ea4ae1b4b027",
                            "id": "nat-008e0eeba3316ec43",
                            "network_interface_id": "eni-0267cf5e068f2655d",
                            "private_ip": "10.0.101.194",
                            "public_ip": "52.70.87.172",
                            "subnet_id": "subnet-08276e40acbf775a6",
                            "tags.%": "4",
                            "tags.Environment": "dev",
                            "tags.Launched": "2019-08-14T01:04:22Z",
                            "tags.Name": "jenkins-us-east-1a",
                            "tags.Terraform": "true"
                        },
                        "meta": {},
                        "tainted": false
                    },
                    "deposed": [],
                    "provider": "module.sg.module.network.provider.aws"
                },
                "aws_route.private_nat_gateway": {
                    "type": "aws_route",
                    "depends_on": [
                        "aws_nat_gateway.this.*",
                        "aws_route_table.private.*",
                        "local.nat_gateway_count"
                    ],
                    "primary": {
                        "id": "r-rtb-0761179fa2d05e3511080289494",
                        "attributes": {
                            "destination_cidr_block": "0.0.0.0/0",
                            "destination_prefix_list_id": "",
                            "egress_only_gateway_id": "",
                            "gateway_id": "",
                            "id": "r-rtb-0761179fa2d05e3511080289494",
                            "instance_id": "",
                            "instance_owner_id": "",
                            "nat_gateway_id": "nat-008e0eeba3316ec43",
                            "network_interface_id": "",
                            "origin": "CreateRoute",
                            "route_table_id": "rtb-0761179fa2d05e351",
                            "state": "active",
                            "transit_gateway_id": "",
                            "vpc_peering_connection_id": ""
                        },
                        "meta": {
                            "e2bfb730-ecaa-11e6-8f88-34363bc7c4c0": {
                                "create": 300000000000,
                                "delete": 300000000000
                            }
                        },
                        "tainted": false
                    },
                    "deposed": [],
                    "provider": "module.sg.module.network.provider.aws"
                },
                "aws_route.public_internet_gateway": {
                    "type": "aws_route",
                    "depends_on": [
                        "aws_internet_gateway.this",
                        "aws_route_table.public"
                    ],
                    "primary": {
                        "id": "r-rtb-0e48b64907920ab221080289494",
                        "attributes": {
                            "destination_cidr_block": "0.0.0.0/0",
                            "destination_prefix_list_id": "",
                            "egress_only_gateway_id": "",
                            "gateway_id": "igw-01a47543ae4b7472a",
                            "id": "r-rtb-0e48b64907920ab221080289494",
                            "instance_id": "",
                            "instance_owner_id": "",
                            "nat_gateway_id": "",
                            "network_interface_id": "",
                            "origin": "CreateRoute",
                            "route_table_id": "rtb-0e48b64907920ab22",
                            "state": "active",
                            "transit_gateway_id": "",
                            "vpc_peering_connection_id": ""
                        },
                        "meta": {
                            "e2bfb730-ecaa-11e6-8f88-34363bc7c4c0": {
                                "create": 300000000000,
                                "delete": 300000000000
                            }
                        },
                        "tainted": false
                    },
                    "deposed": [],
                    "provider": "module.sg.module.network.provider.aws"
                },
                "aws_route_table.private": {
                    "type": "aws_route_table",
                    "depends_on": [
                        "local.max_subnet_length",
                        "local.nat_gateway_count",
                        "local.vpc_id"
                    ],
                    "primary": {
                        "id": "rtb-0761179fa2d05e351",
                        "attributes": {
                            "id": "rtb-0761179fa2d05e351",
                            "owner_id": "310059546990",
                            "propagating_vgws.#": "0",
                            "route.#": "1",
                            "route.3474087872.cidr_block": "0.0.0.0/0",
                            "route.3474087872.egress_only_gateway_id": "",
                            "route.3474087872.gateway_id": "",
                            "route.3474087872.instance_id": "",
                            "route.3474087872.ipv6_cidr_block": "",
                            "route.3474087872.nat_gateway_id": "nat-008e0eeba3316ec43",
                            "route.3474087872.network_interface_id": "",
                            "route.3474087872.transit_gateway_id": "",
                            "route.3474087872.vpc_peering_connection_id": "",
                            "tags.%": "4",
                            "tags.Environment": "dev",
                            "tags.Launched": "2019-08-14T01:04:22Z",
                            "tags.Name": "jenkins-private-us-east-1a",
                            "tags.Terraform": "true",
                            "vpc_id": "vpc-067700e1aa12f1ee1"
                        },
                        "meta": {},
                        "tainted": false
                    },
                    "deposed": [],
                    "provider": "module.sg.module.network.provider.aws"
                },
                "aws_route_table.public": {
                    "type": "aws_route_table",
                    "depends_on": [
                        "local.vpc_id"
                    ],
                    "primary": {
                        "id": "rtb-0e48b64907920ab22",
                        "attributes": {
                            "id": "rtb-0e48b64907920ab22",
                            "owner_id": "310059546990",
                            "propagating_vgws.#": "0",
                            "route.#": "1",
                            "route.2029674012.cidr_block": "0.0.0.0/0",
                            "route.2029674012.egress_only_gateway_id": "",
                            "route.2029674012.gateway_id": "igw-01a47543ae4b7472a",
                            "route.2029674012.instance_id": "",
                            "route.2029674012.ipv6_cidr_block": "",
                            "route.2029674012.nat_gateway_id": "",
                            "route.2029674012.network_interface_id": "",
                            "route.2029674012.transit_gateway_id": "",
                            "route.2029674012.vpc_peering_connection_id": "",
                            "tags.%": "4",
                            "tags.Environment": "dev",
                            "tags.Launched": "2019-08-14T01:04:22Z",
                            "tags.Name": "jenkins-public",
                            "tags.Terraform": "true",
                            "vpc_id": "vpc-067700e1aa12f1ee1"
                        },
                        "meta": {},
                        "tainted": false
                    },
                    "deposed": [],
                    "provider": "module.sg.module.network.provider.aws"
                },
                "aws_route_table_association.private": {
                    "type": "aws_route_table_association",
                    "depends_on": [
                        "aws_route_table.private.*",
                        "aws_subnet.private.*"
                    ],
                    "primary": {
                        "id": "rtbassoc-0a0c003e9dd8064af",
                        "attributes": {
                            "id": "rtbassoc-0a0c003e9dd8064af",
                            "route_table_id": "rtb-0761179fa2d05e351",
                            "subnet_id": "subnet-0ea32769ce3b2528b"
                        },
                        "meta": {},
                        "tainted": false
                    },
                    "deposed": [],
                    "provider": "module.sg.module.network.provider.aws"
                },
                "aws_route_table_association.public": {
                    "type": "aws_route_table_association",
                    "depends_on": [
                        "aws_route_table.public",
                        "aws_subnet.public.*"
                    ],
                    "primary": {
                        "id": "rtbassoc-0817295dfcde65db4",
                        "attributes": {
                            "id": "rtbassoc-0817295dfcde65db4",
                            "route_table_id": "rtb-0e48b64907920ab22",
                            "subnet_id": "subnet-08276e40acbf775a6"
                        },
                        "meta": {},
                        "tainted": false
                    },
                    "deposed": [],
                    "provider": "module.sg.module.network.provider.aws"
                },
                "aws_subnet.private": {
                    "type": "aws_subnet",
                    "depends_on": [
                        "local.vpc_id"
                    ],
                    "primary": {
                        "id": "subnet-0ea32769ce3b2528b",
                        "attributes": {
                            "arn": "arn:aws:ec2:us-east-1:310059546990:subnet/subnet-0ea32769ce3b2528b",
                            "assign_ipv6_address_on_creation": "false",
                            "availability_zone": "us-east-1a",
                            "availability_zone_id": "use1-az4",
                            "cidr_block": "10.0.1.0/24",
                            "id": "subnet-0ea32769ce3b2528b",
                            "ipv6_cidr_block": "",
                            "ipv6_cidr_block_association_id": "",
                            "map_public_ip_on_launch": "false",
                            "owner_id": "310059546990",
                            "tags.%": "4",
                            "tags.Environment": "dev",
                            "tags.Launched": "2019-08-14T01:04:22Z",
                            "tags.Name": "jenkins-private-us-east-1a",
                            "tags.Terraform": "true",
                            "vpc_id": "vpc-067700e1aa12f1ee1"
                        },
                        "meta": {
                            "e2bfb730-ecaa-11e6-8f88-34363bc7c4c0": {
                                "create": 600000000000,
                                "delete": 1200000000000
                            },
                            "schema_version": "1"
                        },
                        "tainted": false
                    },
                    "deposed": [],
                    "provider": "module.sg.module.network.provider.aws"
                },
                "aws_subnet.public": {
                    "type": "aws_subnet",
                    "depends_on": [
                        "local.vpc_id"
                    ],
                    "primary": {
                        "id": "subnet-08276e40acbf775a6",
                        "attributes": {
                            "arn": "arn:aws:ec2:us-east-1:310059546990:subnet/subnet-08276e40acbf775a6",
                            "assign_ipv6_address_on_creation": "false",
                            "availability_zone": "us-east-1a",
                            "availability_zone_id": "use1-az4",
                            "cidr_block": "10.0.101.0/24",
                            "id": "subnet-08276e40acbf775a6",
                            "ipv6_cidr_block": "",
                            "ipv6_cidr_block_association_id": "",
                            "map_public_ip_on_launch": "true",
                            "owner_id": "310059546990",
                            "tags.%": "4",
                            "tags.Environment": "dev",
                            "tags.Launched": "2019-08-14T01:04:22Z",
                            "tags.Name": "jenkins-public-us-east-1a",
                            "tags.Terraform": "true",
                            "vpc_id": "vpc-067700e1aa12f1ee1"
                        },
                        "meta": {
                            "e2bfb730-ecaa-11e6-8f88-34363bc7c4c0": {
                                "create": 600000000000,
                                "delete": 1200000000000
                            },
                            "schema_version": "1"
                        },
                        "tainted": false
                    },
                    "deposed": [],
                    "provider": "module.sg.module.network.provider.aws"
                },
                "aws_vpc.this": {
                    "type": "aws_vpc",
                    "depends_on": [],
                    "primary": {
                        "id": "vpc-067700e1aa12f1ee1",
                        "attributes": {
                            "arn": "arn:aws:ec2:us-east-1:310059546990:vpc/vpc-067700e1aa12f1ee1",
                            "assign_generated_ipv6_cidr_block": "false",
                            "cidr_block": "10.0.0.0/16",
                            "default_network_acl_id": "acl-09bf3b9bff51134f2",
                            "default_route_table_id": "rtb-0894943c8dcc10d3e",
                            "default_security_group_id": "sg-0596a2af330247e15",
                            "dhcp_options_id": "dopt-890236f2",
                            "enable_classiclink": "false",
                            "enable_classiclink_dns_support": "false",
                            "enable_dns_hostnames": "false",
                            "enable_dns_support": "true",
                            "id": "vpc-067700e1aa12f1ee1",
                            "instance_tenancy": "default",
                            "ipv6_association_id": "",
                            "ipv6_cidr_block": "",
                            "main_route_table_id": "rtb-0894943c8dcc10d3e",
                            "owner_id": "310059546990",
                            "tags.%": "4",
                            "tags.Environment": "dev",
                            "tags.Launched": "2019-08-14T01:04:22Z",
                            "tags.Name": "jenkins",
                            "tags.Terraform": "true"
                        },
                        "meta": {
                            "schema_version": "1"
                        },
                        "tainted": false
                    },
                    "deposed": [],
                    "provider": "module.sg.module.network.provider.aws"
                },
                "aws_vpn_gateway.this": {
                    "type": "aws_vpn_gateway",
                    "depends_on": [
                        "local.vpc_id"
                    ],
                    "primary": {
                        "id": "vgw-01de4df78d8bcdb4c",
                        "attributes": {
                            "amazon_side_asn": "64512",
                            "id": "vgw-01de4df78d8bcdb4c",
                            "tags.%": "4",
                            "tags.Environment": "dev",
                            "tags.Launched": "2019-08-14T01:04:22Z",
                            "tags.Name": "jenkins",
                            "tags.Terraform": "true",
                            "vpc_id": "vpc-067700e1aa12f1ee1"
                        },
                        "meta": {},
                        "tainted": false
                    },
                    "deposed": [],
                    "provider": "module.sg.module.network.provider.aws"
                }
            },
            "depends_on": []
        }
    ]
}
